
Microsoft Visual Studio Solution File, Format Version 12.00
# Visual Studio Version 17
VisualStudioVersion = 17.12.35527.113 d17.12
MinimumVisualStudioVersion = 10.0.40219.1
Project("{9A19103F-16F7-4668-BE54-9A1E7A4F7556}") = "TwinCAT-ADS-DotNet-Samples", "TwinCAT-ADS-DotNet-Samples\TwinCAT-ADS-DotNet-Samples.csproj", "{74B2BDEE-EFC5-4108-812D-0DFE2BAB369E}"
EndProject
Project("{9A19103F-16F7-4668-BE54-9A1E7A4F7556}") = "WpfAdsSample", "WpfAdsSample\WpfAdsSample.csproj", "{1A8A3EDC-B318-4B5C-840A-DDF5E39E22BA}"
EndProject
Global
	GlobalSection(SolutionConfigurationPlatforms) = preSolution
		Debug|Any CPU = Debug|Any CPU
		Release|Any CPU = Release|Any CPU
	EndGlobalSection
	GlobalSection(ProjectConfigurationPlatforms) = postSolution
		{74B2BDEE-EFC5-4108-812D-0DFE2BAB369E}.Debug|Any CPU.ActiveCfg = Debug|Any CPU
		{74B2BDEE-EFC5-4108-812D-0DFE2BAB369E}.Debug|Any CPU.Build.0 = Debug|Any CPU
		{74B2BDEE-EFC5-4108-812D-0DFE2BAB369E}.Release|Any CPU.ActiveCfg = Release|Any CPU
		{74B2BDEE-EFC5-4108-812D-0DFE2BAB369E}.Release|Any CPU.Build.0 = Release|Any CPU
		{1A8A3EDC-B318-4B5C-840A-DDF5E39E22BA}.Debug|Any CPU.ActiveCfg = Debug|Any CPU
		{1A8A3EDC-B318-4B5C-840A-DDF5E39E22BA}.Debug|Any CPU.Build.0 = Debug|Any CPU
		{1A8A3EDC-B318-4B5C-840A-DDF5E39E22BA}.Release|Any CPU.ActiveCfg = Release|Any CPU
		{1A8A3EDC-B318-4B5C-840A-DDF5E39E22BA}.Release|Any CPU.Build.0 = Release|Any CPU
	EndGlobalSection
	GlobalSection(SolutionProperties) = preSolution
		HideSolutionNode = FALSE
	EndGlobalSection
	GlobalSection(ExtensibilityGlobals) = postSolution
		SolutionGuid = {3C453455-39E6-4D6C-AA01-18EC0C461342}
	EndGlobalSection
EndGlobal
